// !$*UTF8*$!
{
	archiveVersion = 1;
	classes = {
	};
	objectVersion = 50;
	objects = {

/* Begin PBXBuildFile section */
		040441702319667E00DCC44A /* AppDelegate.m in Sources */ = {isa = PBXBuildFile; fileRef = 0404416F2319667E00DCC44A /* AppDelegate.m */; };
		040441732319667E00DCC44A /* ViewController.m in Sources */ = {isa = PBXBuildFile; fileRef = 040441722319667E00DCC44A /* ViewController.m */; };
		040441762319667E00DCC44A /* Main.storyboard in Resources */ = {isa = PBXBuildFile; fileRef = 040441742319667E00DCC44A /* Main.storyboard */; };
		040441782319667F00DCC44A /* Assets.xcassets in Resources */ = {isa = PBXBuildFile; fileRef = 040441772319667F00DCC44A /* Assets.xcassets */; };
		0404417B2319667F00DCC44A /* LaunchScreen.storyboard in Resources */ = {isa = PBXBuildFile; fileRef = 040441792319667F00DCC44A /* LaunchScreen.storyboard */; };
		0404417E2319667F00DCC44A /* main.m in Sources */ = {isa = PBXBuildFile; fileRef = 0404417D2319667F00DCC44A /* main.m */; };
		040441882319667F00DCC44A /* counter1UITests.m in Sources */ = {isa = PBXBuildFile; fileRef = 040441872319667F00DCC44A /* counter1UITests.m */; };
/* End PBXBuildFile section */

/* Begin PBXContainerItemProxy section */
		040441842319667F00DCC44A /* PBXContainerItemProxy */ = {
			isa = PBXContainerItemProxy;
			containerPortal = 040441632319667E00DCC44A /* Project object */;
			proxyType = 1;
			remoteGlobalIDString = 0404416A2319667E00DCC44A;
			remoteInfo = counter1;
		};
/* End PBXContainerItemProxy section */

/* Begin PBXFileReference section */
		0404416B2319667E00DCC44A /* counter1.app */ = {isa = PBXFileReference; explicitFileType = wrapper.application; includeInIndex = 0; path = counter1.app; sourceTree = BUILT_PRODUCTS_DIR; };
		0404416E2319667E00DCC44A /* AppDelegate.h */ = {isa = PBXFileReference; lastKnownFileType = sourcecode.c.h; path = AppDelegate.h; sourceTree = "<group>"; };
		0404416F2319667E00DCC44A /* AppDelegate.m */ = {isa = PBXFileReference; lastKnownFileType = sourcecode.c.objc; path = AppDelegate.m; sourceTree = "<group>"; };
		040441712319667E00DCC44A /* ViewController.h */ = {isa = PBXFileReference; lastKnownFileType = sourcecode.c.h; path = ViewController.h; sourceTree = "<group>"; };
		040441722319667E00DCC44A /* ViewController.m */ = {isa = PBXFileReference; lastKnownFileType = sourcecode.c.objc; path = ViewController.m; sourceTree = "<group>"; };
		040441752319667E00DCC44A /* Base */ = {isa = PBXFileReference; lastKnownFileType = file.storyboard; name = Base; path = Base.lproj/Main.storyboard; sourceTree = "<group>"; };
		040441772319667F00DCC44A /* Assets.xcassets */ = {isa = PBXFileReference; lastKnownFileType = folder.assetcatalog; path = Assets.xcassets; sourceTree = "<group>"; };
		0404417A2319667F00DCC44A /* Base */ = {isa = PBXFileReference; lastKnownFileType = file.storyboard; name = Base; path = Base.lproj/LaunchScreen.storyboard; sourceTree = "<group>"; };
		0404417C2319667F00DCC44A /* Info.plist */ = {isa = PBXFileReference; lastKnownFileType = text.plist.xml; path = Info.plist; sourceTree = "<group>"; };
		0404417D2319667F00DCC44A /* main.m */ = {isa = PBXFileReference; lastKnownFileType = sourcecode.c.objc; path = main.m; sourceTree = "<group>"; };
		040441832319667F00DCC44A /* counter1UITests.xctest */ = {isa = PBXFileReference; explicitFileType = wrapper.cfbundle; includeInIndex = 0; path = counter1UITests.xctest; sourceTree = BUILT_PRODUCTS_DIR; };
		040441872319667F00DCC44A /* counter1UITests.m */ = {isa = PBXFileReference; lastKnownFileType = sourcecode.c.objc; path = counter1UITests.m; sourceTree = "<group>"; };
		040441892319667F00DCC44A /* Info.plist */ = {isa = PBXFileReference; lastKnownFileType = text.plist.xml; path = Info.plist; sourceTree = "<group>"; };
/* End PBXFileReference section */

/* Begin PBXFrameworksBuildPhase section */
		040441682319667E00DCC44A /* Frameworks */ = {
			isa = PBXFrameworksBuildPhase;
			buildActionMask = 2147483647;
			files = (
			);
			runOnlyForDeploymentPostprocessing = 0;
		};
		040441802319667F00DCC44A /* Frameworks */ = {
			isa = PBXFrameworksBuildPhase;
			buildActionMask = 2147483647;
			files = (
			);
			runOnlyForDeploymentPostprocessing = 0;
		};
/* End PBXFrameworksBuildPhase section */

/* Begin PBXGroup section */
		040441622319667E00DCC44A = {
			isa = PBXGroup;
			children = (
				0404416D2319667E00DCC44A /* counter1 */,
				040441862319667F00DCC44A /* counter1UITests */,
				0404416C2319667E00DCC44A /* Products */,
			);
			sourceTree = "<group>";
		};
		0404416C2319667E00DCC44A /* Products */ = {
			isa = PBXGroup;
			children = (
				0404416B2319667E00DCC44A /* counter1.app */,
				040441832319667F00DCC44A /* counter1UITests.xctest */,
			);
			name = Products;
			sourceTree = "<group>";
		};
		0404416D2319667E00DCC44A /* counter1 */ = {
			isa = PBXGroup;
			children = (
				0404416E2319667E00DCC44A /* AppDelegate.h */,
				0404416F2319667E00DCC44A /* AppDelegate.m */,
				040441712319667E00DCC44A /* ViewController.h */,
				040441722319667E00DCC44A /* ViewController.m */,
				040441742319667E00DCC44A /* Main.storyboard */,
				040441772319667F00DCC44A /* Assets.xcassets */,
				040441792319667F00DCC44A /* LaunchScreen.storyboard */,
				0404417C2319667F00DCC44A /* Info.plist */,
				0404417D2319667F00DCC44A /* main.m */,
			);
			path = counter1;
			sourceTree = "<group>";
		};
		040441862319667F00DCC44A /* counter1UITests */ = {
			isa = PBXGroup;
			children = (
				040441872319667F00DCC44A /* counter1UITests.m */,
				040441892319667F00DCC44A /* Info.plist */,
			);
			path = counter1UITests;
			sourceTree = "<group>";
		};
/* End PBXGroup section */

/* Begin PBXNativeTarget section */
		0404416A2319667E00DCC44A /* counter1 */ = {
			isa = PBXNativeTarget;
			buildConfigurationList = 0404418C2319667F00DCC44A /* Build configuration list for PBXNativeTarget "counter1" */;
			buildPhases = (
				040441672319667E00DCC44A /* Sources */,
				040441682319667E00DCC44A /* Frameworks */,
				040441692319667E00DCC44A /* Resources */,
			);
			buildRules = (
			);
			dependencies = (
			);
			name = counter1;
			productName = counter1;
			productReference = 0404416B2319667E00DCC44A /* counter1.app */;
			productType = "com.apple.product-type.application";
		};
		040441822319667F00DCC44A /* counter1UITests */ = {
			isa = PBXNativeTarget;
			buildConfigurationList = 0404418F2319667F00DCC44A /* Build configuration list for PBXNativeTarget "counter1UITests" */;
			buildPhases = (
				0404417F2319667F00DCC44A /* Sources */,
				040441802319667F00DCC44A /* Frameworks */,
				040441812319667F00DCC44A /* Resources */,
			);
			buildRules = (
			);
			dependencies = (
				040441852319667F00DCC44A /* PBXTargetDependency */,
			);
			name = counter1UITests;
			productName = counter1UITests;
			productReference = 040441832319667F00DCC44A /* counter1UITests.xctest */;
			productType = "com.apple.product-type.bundle.ui-testing";
		};
/* End PBXNativeTarget section */

/* Begin PBXProject section */
		040441632319667E00DCC44A /* Project object */ = {
			isa = PBXProject;
			attributes = {
				LastUpgradeCheck = 0940;
				ORGANIZATIONNAME = hongdun;
				TargetAttributes = {
					0404416A2319667E00DCC44A = {
						CreatedOnToolsVersion = 9.4.1;
					};
					040441822319667F00DCC44A = {
						CreatedOnToolsVersion = 9.4.1;
						TestTargetID = 0404416A2319667E00DCC44A;
					};
				};
			};
			buildConfigurationList = 040441662319667E00DCC44A /* Build configuration list for PBXProject "counter1" */;
			compatibilityVersion = "Xcode 9.3";
			developmentRegion = en;
			hasScannedForEncodings = 0;
			knownRegions = (
				en,
				Base,
			);
			mainGroup = 040441622319667E00DCC44A;
			productRefGroup = 0404416C2319667E00DCC44A /* Products */;
			projectDirPath = "";
			projectRoot = "";
			targets = (
				0404416A2319667E00DCC44A /* counter1 */,
				040441822319667F00DCC44A /* counter1UITests */,
			);
		};
/* End PBXProject section */

/* Begin PBXResourcesBuildPhase section */
		040441692319667E00DCC44A /* Resources */ = {
			isa = PBXResourcesBuildPhase;
			buildActionMask = 2147483647;
			files = (
				0404417B2319667F00DCC44A /* LaunchScreen.storyboard in Resources */,
				040441782319667F00DCC44A /* Assets.xcassets in Resources */,
				040441762319667E00DCC44A /* Main.storyboard in Resources */,
			);
			runOnlyForDeploymentPostprocessing = 0;
		};
		040441812319667F00DCC44A /* Resources */ = {
			isa = PBXResourcesBuildPhase;
			buildActionMask = 2147483647;
			files = (
			);
			runOnlyForDeploymentPostprocessing = 0;
		};
/* End PBXResourcesBuildPhase section */

/* Begin PBXSourcesBuildPhase section */
		040441672319667E00DCC44A /* Sources */ = {
			isa = PBXSourcesBuildPhase;
			buildActionMask = 2147483647;
			files = (
				040441732319667E00DCC44A /* ViewController.m in Sources */,
				0404417E2319667F00DCC44A /* main.m in Sources */,
				040441702319667E00DCC44A /* AppDelegate.m in Sources */,
			);
			runOnlyForDeploymentPostprocessing = 0;
		};
		0404417F2319667F00DCC44A /* Sources */ = {
			isa = PBXSourcesBuildPhase;
			buildActionMask = 2147483647;
			files = (
				040441882319667F00DCC44A /* counter1UITests.m in Sources */,
			);
			runOnlyForDeploymentPostprocessing = 0;
		};
/* End PBXSourcesBuildPhase section */

/* Begin PBXTargetDependency section */
		040441852319667F00DCC44A /* PBXTargetDependency */ = {
			isa = PBXTargetDependency;
			target = 0404416A2319667E00DCC44A /* counter1 */;
			targetProxy = 040441842319667F00DCC44A /* PBXContainerItemProxy */;
		};
/* End PBXTargetDependency section */

/* Begin PBXVariantGroup section */
		040441742319667E00DCC44A /* Main.storyboard */ = {
			isa = PBXVariantGroup;
			children = (
				040441752319667E00DCC44A /* Base */,
			);
			name = Main.storyboard;
			sourceTree = "<group>";
		};
		040441792319667F00DCC44A /* LaunchScreen.storyboard */ = {
			isa = PBXVariantGroup;
			children = (
				0404417A2319667F00DCC44A /* Base */,
			);
			name = LaunchScreen.storyboard;
			sourceTree = "<group>";
		};
/* End PBXVariantGroup section */

/* Begin XCBuildConfiguration section */
		0404418A2319667F00DCC44A /* Debug */ = {
			isa = XCBuildConfiguration;
			buildSettings = {
				ALWAYS_SEARCH_USER_PATHS = NO;
				CLANG_ANALYZER_NONNULL = YES;
				CLANG_ANALYZER_NUMBER_OBJECT_CONVERSION = YES_AGGRESSIVE;
				CLANG_CXX_LANGUAGE_STANDARD = "gnu++14";
				CLANG_CXX_LIBRARY = "libc++";
				CLANG_ENABLE_MODULES = YES;
				CLANG_ENABLE_OBJC_ARC = YES;
				CLANG_ENABLE_OBJC_WEAK = YES;
				CLANG_WARN_BLOCK_CAPTURE_AUTORELEASING = YES;
				CLANG_WARN_BOOL_CONVERSION = YES;
				CLANG_WARN_COMMA = YES;
				CLANG_WARN_CONSTANT_CONVERSION = YES;
				CLANG_WARN_DEPRECATED_OBJC_IMPLEMENTATIONS = YES;
				CLANG_WARN_DIRECT_OBJC_ISA_USAGE = YES_ERROR;
				CLANG_WARN_DOCUMENTATION_COMMENTS = YES;
				CLANG_WARN_EMPTY_BODY = YES;
				CLANG_WARN_ENUM_CONVERSION = YES;
				CLANG_WARN_INFINITE_RECURSION = YES;
				CLANG_WARN_INT_CONVERSION = YES;
				CLANG_WARN_NON_LITERAL_NULL_CONVERSION = YES;
				CLANG_WARN_OBJC_IMPLICIT_RETAIN_SELF = YES;
				CLANG_WARN_OBJC_LITERAL_CONVERSION = YES;
				CLANG_WARN_OBJC_ROOT_CLASS = YES_ERROR;
				CLANG_WARN_RANGE_LOOP_ANALYSIS = YES;
				CLANG_WARN_STRICT_PROTOTYPES = YES;
				CLANG_WARN_SUSPICIOUS_MOVE = YES;
				CLANG_WARN_UNGUARDED_AVAILABILITY = YES_AGGRESSIVE;
				CLANG_WARN_UNREACHABLE_CODE = YES;
				CLANG_WARN__DUPLICATE_METHOD_MATCH = YES;
				CODE_SIGN_IDENTITY = "iPhone Developer";
				COPY_PHASE_STRIP = NO;
				DEBUG_INFORMATION_FORMAT = dwarf;
				ENABLE_STRICT_OBJC_MSGSEND = YES;
				ENABLE_TESTABILITY = YES;
				GCC_C_LANGUAGE_STANDARD = gnu11;
				GCC_DYNAMIC_NO_PIC = NO;
				GCC_NO_COMMON_BLOCKS = YES;
				GCC_OPTIMIZATION_LEVEL = 0;
				GCC_PREPROCESSOR_DEFINITIONS = (
					"DEBUG=1",
					"$(inherited)",
				);
				GCC_WARN_64_TO_32_BIT_CONVERSION = YES;
				GCC_WARN_ABOUT_RETURN_TYPE = YES_ERROR;
				GCC_WARN_UNDECLARED_SELECTOR = YES;
				GCC_WARN_UNINITIALIZED_AUTOS = YES_AGGRESSIVE;
				GCC_WARN_UNUSED_FUNCTION = YES;
				GCC_WARN_UNUSED_VARIABLE = YES;
				IPHONEOS_DEPLOYMENT_TARGET = 11.4;
				MTL_ENABLE_DEBUG_INFO = YES;
				ONLY_ACTIVE_ARCH = YES;
				SDKROOT = iphoneos;
			};
			name = Debug;
		};
		0404418B2319667F00DCC44A /* Release */ = {
			isa = XCBuildConfiguration;
			buildSettings = {
				ALWAYS_SEARCH_USER_PATHS = NO;
				CLANG_ANALYZER_NONNULL = YES;
				CLANG_ANALYZER_NUMBER_OBJECT_CONVERSION = YES_AGGRESSIVE;
				CLANG_CXX_LANGUAGE_STANDARD = "gnu++14";
				CLANG_CXX_LIBRARY = "libc++";
				CLANG_ENABLE_MODULES = YES;
				CLANG_ENABLE_OBJC_ARC = YES;
				CLANG_ENABLE_OBJC_WEAK = YES;
				CLANG_WARN_BLOCK_CAPTURE_AUTORELEASING = YES;
				CLANG_WARN_BOOL_CONVERSION = YES;
				CLANG_WARN_COMMA = YES;
				CLANG_WARN_CONSTANT_CONVERSION = YES;
				CLANG_WARN_DEPRECATED_OBJC_IMPLEMENTATIONS = YES;
				CLANG_WARN_DIRECT_OBJC_ISA_USAGE = YES_ERROR;
				CLANG_WARN_DOCUMENTATION_COMMENTS = YES;
				CLANG_WARN_EMPTY_BODY = YES;
				CLANG_WARN_ENUM_CONVERSION = YES;
				CLANG_WARN_INFINITE_RECURSION = YES;
				CLANG_WARN_INT_CONVERSION = YES;
				CLANG_WARN_NON_LITERAL_NULL_CONVERSION = YES;
				CLANG_WARN_OBJC_IMPLICIT_RETAIN_SELF = YES;
				CLANG_WARN_OBJC_LITERAL_CONVERSION = YES;
				CLANG_WARN_OBJC_ROOT_CLASS = YES_ERROR;
				CLANG_WARN_RANGE_LOOP_ANALYSIS = YES;
				CLANG_WARN_STRICT_PROTOTYPES = YES;
				CLANG_WARN_SUSPICIOUS_MOVE = YES;
				CLANG_WARN_UNGUARDED_AVAILABILITY = YES_AGGRESSIVE;
				CLANG_WARN_UNREACHABLE_CODE = YES;
				CLANG_WARN__DUPLICATE_METHOD_MATCH = YES;
				CODE_SIGN_IDENTITY = "iPhone Developer";
				COPY_PHASE_STRIP = NO;
				DEBUG_INFORMATION_FORMAT = "dwarf-with-dsym";
				ENABLE_NS_ASSERTIONS = NO;
				ENABLE_STRICT_OBJC_MSGSEND = YES;
				GCC_C_LANGUAGE_STANDARD = gnu11;
				GCC_NO_COMMON_BLOCKS = YES;
				GCC_WARN_64_TO_32_BIT_CONVERSION = YES;
				GCC_WARN_ABOUT_RETURN_TYPE = YES_ERROR;
				GCC_WARN_UNDECLARED_SELECTOR = YES;
				GCC_WARN_UNINITIALIZED_AUTOS = YES_AGGRESSIVE;
				GCC_WARN_UNUSED_FUNCTION = YES;
				GCC_WARN_UNUSED_VARIABLE = YES;
				IPHONEOS_DEPLOYMENT_TARGET = 11.4;
				MTL_ENABLE_DEBUG_INFO = NO;
				SDKROOT = iphoneos;
				VALIDATE_PRODUCT = YES;
			};
			name = Release;
		};
		0404418D2319667F00DCC44A /* Debug */ = {
			isa = XCBuildConfiguration;
			buildSettings = {
				ASSETCATALOG_COMPILER_APPICON_NAME = AppIcon;
				CODE_SIGN_STYLE = Automatic;
				INFOPLIST_FILE = counter1/Info.plist;
				LD_RUNPATH_SEARCH_PATHS = (
					"$(inherited)",
					"@executable_path/Frameworks",
				);
				PRODUCT_BUNDLE_IDENTIFIER = com.hongdun.wuhan.counter1;
				PRODUCT_NAME = "$(TARGET_NAME)";
				TARGETED_DEVICE_FAMILY = "1,2";
			};
			name = Debug;
		};
		0404418E2319667F00DCC44A /* Release */ = {
			isa = XCBuildConfiguration;
			buildSettings = {
				ASSETCATALOG_COMPILER_APPICON_NAME = AppIcon;
				CODE_SIGN_STYLE = Automatic;
				INFOPLIST_FILE = counter1/Info.plist;
				LD_RUNPATH_SEARCH_PATHS = (
					"$(inherited)",
					"@executable_path/Frameworks",
				);
				PRODUCT_BUNDLE_IDENTIFIER = com.hongdun.wuhan.counter1;
				PRODUCT_NAME = "$(TARGET_NAME)";
				TARGETED_DEVICE_FAMILY = "1,2";
			};
			name = Release;
		};
		040441902319667F00DCC44A /* Debug */ = {
			isa = XCBuildConfiguration;
			buildSettings = {
				CODE_SIGN_STYLE = Automatic;
				INFOPLIST_FILE = counter1UITests/Info.plist;
				LD_RUNPATH_SEARCH_PATHS = (
					"$(inherited)",
					"@executable_path/Frameworks",
					"@loader_path/Frameworks",
				);
				PRODUCT_BUNDLE_IDENTIFIER = com.hongdun.wuhan.counter1UITests;
				PRODUCT_NAME = "$(TARGET_NAME)";
				TARGETED_DEVICE_FAMILY = "1,2";
				TEST_TARGET_NAME = counter1;
			};
			name = Debug;
		};
		040441912319667F00DCC44A /* Release */ = {
			isa = XCBuildConfiguration;
			buildSettings = {
				CODE_SIGN_STYLE = Automatic;
				INFOPLIST_FILE = counter1UITests/Info.plist;
				LD_RUNPATH_SEARCH_PATHS = (
					"$(inherited)",
					"@executable_path/Frameworks",
					"@loader_path/Frameworks",
				);
				PRODUCT_BUNDLE_IDENTIFIER = com.hongdun.wuhan.counter1UITests;
				PRODUCT_NAME = "$(TARGET_NAME)";
				TARGETED_DEVICE_FAMILY = "1,2";
				TEST_TARGET_NAME = counter1;
			};
			name = Release;
		};
/* End XCBuildConfiguration section */

/* Begin XCConfigurationList section */
		040441662319667E00DCC44A /* Build configuration list for PBXProject "counter1" */ = {
			isa = XCConfigurationList;
			buildConfigurations = (
				0404418A2319667F00DCC44A /* Debug */,
				0404418B2319667F00DCC44A /* Release */,
			);
			defaultConfigurationIsVisible = 0;
			defaultConfigurationName = Release;
		};
		0404418C2319667F00DCC44A /* Build configuration list for PBXNativeTarget "counter1" */ = {
			isa = XCConfigurationList;
			buildConfigurations = (
				0404418D2319667F00DCC44A /* Debug */,
				0404418E2319667F00DCC44A /* Release */,
			);
			defaultConfigurationIsVisible = 0;
			defaultConfigurationName = Release;
		};
		0404418F2319667F00DCC44A /* Build configuration list for PBXNativeTarget "counter1UITests" */ = {
			isa = XCConfigurationList;
			buildConfigurations = (
				040441902319667F00DCC44A /* Debug */,
				040441912319667F00DCC44A /* Release */,
			);
			defaultConfigurationIsVisible = 0;
			defaultConfigurationName = Release;
		};
/* End XCConfigurationList section */
	};
	rootObject = 040441632319667E00DCC44A /* Project object */;
}
